
Microsoft Visual Studio Solution File, Format Version 12.00
# Visual Studio Version 17
VisualStudioVersion = 17.3.32901.215
MinimumVisualStudioVersion = 10.0.40219.1
Project("{9A19103F-16F7-4668-BE54-9A1E7A4F7556}") = "TestExe", "TestExe.csproj", "{43CF6B8D-004D-4552-A331-EBADBFC4FD11}"
EndProject
Global
	GlobalSection(SolutionConfigurationPlatforms) = preSolution
		Debug|Any CPU = Debug|Any CPU
		Release|Any CPU = Release|Any CPU
	EndGlobalSection
	GlobalSection(ProjectConfigurationPlatforms) = postSolution
		{43CF6B8D-004D-4552-A331-EBADBFC4FD11}.Debug|Any CPU.ActiveCfg = Debug|Any CPU
		{43CF6B8D-004D-4552-A331-EBADBFC4FD11}.Debug|Any CPU.Build.0 = Debug|Any CPU
		{43CF6B8D-004D-4552-A331-EBADBFC4FD11}.Release|Any CPU.ActiveCfg = Release|Any CPU
		{43CF6B8D-004D-4552-A331-EBADBFC4FD11}.Release|Any CPU.Build.0 = Release|Any CPU
	EndGlobalSection
	GlobalSection(SolutionProperties) = preSolution
		HideSolutionNode = FALSE
	EndGlobalSection
	GlobalSection(ExtensibilityGlobals) = postSolution
		SolutionGuid = {04843255-AC3E-4E76-9A06-798DEB0BDB61}
	EndGlobalSection
EndGlobal
